{
  "name": "understending-ts",
  "version": "1.0.0",
  "lockfileVersion": 3,
  "requires": true,
  "packages": {
    "": {
      "name": "understending-ts",
      "version": "1.0.0",
      "license": "ISC",
      "devDependencies": {
        "node-typescript": "^0.1.3",
        "typescript": "^5.3.2"
      }
    },
    "node_modules/node-typescript": {
      "version": "0.1.3",
      "resolved": "https://registry.npmjs.org/node-typescript/-/node-typescript-0.1.3.tgz",
      "integrity": "sha512-EK34kMXvdXsVvtzLZVQN3ORdLTQCG0gSnhkQOF8vzrO8beXoXqIUNAGACF9c6N5LDDzEdM8YCXFjbuCE8Mz1Jg==",
      "dev": true,
      "dependencies": {
        "typescript": "0.8.3"
      },
      "engines": {
        "node": "0.8.x"
      }
    },
    "node_modules/node-typescript/node_modules/typescript": {
      "version": "0.8.3",
      "resolved": "https://registry.npmjs.org/typescript/-/typescript-0.8.3.tgz",
      "integrity": "sha512-42GP2FBgk+/q8Y0MRt0vJoWx6I7ADAKBTnz7gK++gwQtzC3h54Yltqb8z+EFozZ4OHhz6uwLmXFthCn4oDOGxg==",
      "dev": true,
      "bin": {
        "tsc": "bin/tsc"
      },
      "engines": {
        "node": ">=0.8.0"
      }
    },
    "node_modules/typescript": {
      "version": "5.3.2",
      "resolved": "https://registry.npmjs.org/typescript/-/typescript-5.3.2.tgz",
      "integrity": "sha512-6l+RyNy7oAHDfxC4FzSJcz9vnjTKxrLpDG5M2Vu4SHRVNg6xzqZp6LYSR9zjqQTu8DU/f5xwxUdADOkbrIX2gQ==",
      "dev": true,
      "bin": {
        "tsc": "bin/tsc",
        "tsserver": "bin/tsserver"
      },
      "engines": {
        "node": ">=14.17"
      }
    }
  }
}
